
Microsoft Visual Studio Solution File, Format Version 12.00
# Visual Studio 15
VisualStudioVersion = 15.0.27703.2042
MinimumVisualStudioVersion = 10.0.40219.1
Project("{9A19103F-16F7-4668-BE54-9A1E7A4F7556}") = "NameSorterApp", "NameSorterApp\NameSorterApp.csproj", "{5847FC0F-59FA-48D0-9AF6-7DE2EB39BC50}"
EndProject
Project("{FAE04EC0-301F-11D3-BF4B-00C04F79EFBC}") = "UnitTestProjectForNameSorter", "UnitTestProjectForNameSorter\UnitTestProjectForNameSorter.csproj", "{1BA5ADFD-4E20-4730-AABC-1BA7D423BA89}"
EndProject
Global
	GlobalSection(SolutionConfigurationPlatforms) = preSolution
		Debug|Any CPU = Debug|Any CPU
		Release|Any CPU = Release|Any CPU
	EndGlobalSection
	GlobalSection(ProjectConfigurationPlatforms) = postSolution
		{5847FC0F-59FA-48D0-9AF6-7DE2EB39BC50}.Debug|Any CPU.ActiveCfg = Debug|Any CPU
		{5847FC0F-59FA-48D0-9AF6-7DE2EB39BC50}.Debug|Any CPU.Build.0 = Debug|Any CPU
		{5847FC0F-59FA-48D0-9AF6-7DE2EB39BC50}.Release|Any CPU.ActiveCfg = Release|Any CPU
		{5847FC0F-59FA-48D0-9AF6-7DE2EB39BC50}.Release|Any CPU.Build.0 = Release|Any CPU
		{1BA5ADFD-4E20-4730-AABC-1BA7D423BA89}.Debug|Any CPU.ActiveCfg = Debug|Any CPU
		{1BA5ADFD-4E20-4730-AABC-1BA7D423BA89}.Debug|Any CPU.Build.0 = Debug|Any CPU
		{1BA5ADFD-4E20-4730-AABC-1BA7D423BA89}.Release|Any CPU.ActiveCfg = Release|Any CPU
		{1BA5ADFD-4E20-4730-AABC-1BA7D423BA89}.Release|Any CPU.Build.0 = Release|Any CPU
	EndGlobalSection
	GlobalSection(SolutionProperties) = preSolution
		HideSolutionNode = FALSE
	EndGlobalSection
	GlobalSection(ExtensibilityGlobals) = postSolution
		SolutionGuid = {5BEFC92D-396E-4564-8C92-E20E4547661C}
	EndGlobalSection
EndGlobal
